// !$*UTF8*$!
{
	archiveVersion = 1;
	classes = {
	};
	objectVersion = 56;
	objects = {

/* Begin PBXBuildFile section */
		48D608F82C0301B200670979 /* GimigoTheGeckoApp.swift in Sources */ = {isa = PBXBuildFile; fileRef = 48D608F72C0301B200670979 /* GimigoTheGeckoApp.swift */; };
		48D608FA2C0301B200670979 /* ContentView.swift in Sources */ = {isa = PBXBuildFile; fileRef = 48D608F92C0301B200670979 /* ContentView.swift */; };
		48D608FC2C0301B400670979 /* Assets.xcassets in Resources */ = {isa = PBXBuildFile; fileRef = 48D608FB2C0301B400670979 /* Assets.xcassets */; };
		48D608FF2C0301B400670979 /* Preview Assets.xcassets in Resources */ = {isa = PBXBuildFile; fileRef = 48D608FE2C0301B400670979 /* Preview Assets.xcassets */; };
		48D609092C0301B400670979 /* GimigoTheGeckoTests.swift in Sources */ = {isa = PBXBuildFile; fileRef = 48D609082C0301B400670979 /* GimigoTheGeckoTests.swift */; };
		48D609132C0301B400670979 /* GimigoTheGeckoUITests.swift in Sources */ = {isa = PBXBuildFile; fileRef = 48D609122C0301B400670979 /* GimigoTheGeckoUITests.swift */; };
		48D609152C0301B400670979 /* GimigoTheGeckoUITestsLaunchTests.swift in Sources */ = {isa = PBXBuildFile; fileRef = 48D609142C0301B400670979 /* GimigoTheGeckoUITestsLaunchTests.swift */; };
		497CF2C9474B009209D6A228 /* Pods_GimigoTheGeckoTests.framework in Frameworks */ = {isa = PBXBuildFile; fileRef = 4A05BA996E6E767D6EF346F5 /* Pods_GimigoTheGeckoTests.framework */; };
		A14360B49E745042498D5572 /* Pods_GimigoTheGecko.framework in Frameworks */ = {isa = PBXBuildFile; fileRef = B436F785B138F5D235C445F3 /* Pods_GimigoTheGecko.framework */; };
		E789C95BF9BA552075EAE87E /* Pods_GimigoTheGecko_GimigoTheGeckoUITests.framework in Frameworks */ = {isa = PBXBuildFile; fileRef = 28C29E886407657CE6F34560 /* Pods_GimigoTheGecko_GimigoTheGeckoUITests.framework */; };
/* End PBXBuildFile section */

/* Begin PBXContainerItemProxy section */
		48D609052C0301B400670979 /* PBXContainerItemProxy */ = {
			isa = PBXContainerItemProxy;
			containerPortal = 48D608EC2C0301B200670979 /* Project object */;
			proxyType = 1;
			remoteGlobalIDString = 48D608F32C0301B200670979;
			remoteInfo = GimigoTheGecko;
		};
		48D6090F2C0301B400670979 /* PBXContainerItemProxy */ = {
			isa = PBXContainerItemProxy;
			containerPortal = 48D608EC2C0301B200670979 /* Project object */;
			proxyType = 1;
			remoteGlobalIDString = 48D608F32C0301B200670979;
			remoteInfo = GimigoTheGecko;
		};
/* End PBXContainerItemProxy section */

/* Begin PBXFileReference section */
		28C29E886407657CE6F34560 /* Pods_GimigoTheGecko_GimigoTheGeckoUITests.framework */ = {isa = PBXFileReference; explicitFileType = wrapper.framework; includeInIndex = 0; path = Pods_GimigoTheGecko_GimigoTheGeckoUITests.framework; sourceTree = BUILT_PRODUCTS_DIR; };
		2C9A3C3A30606AD4C6D55031 /* Pods-GimigoTheGeckoTests.debug.xcconfig */ = {isa = PBXFileReference; includeInIndex = 1; lastKnownFileType = text.xcconfig; name = "Pods-GimigoTheGeckoTests.debug.xcconfig"; path = "Target Support Files/Pods-GimigoTheGeckoTests/Pods-GimigoTheGeckoTests.debug.xcconfig"; sourceTree = "<group>"; };
		3E4688357BD1C8159E8E3566 /* Pods-GimigoTheGecko-GimigoTheGeckoUITests.debug.xcconfig */ = {isa = PBXFileReference; includeInIndex = 1; lastKnownFileType = text.xcconfig; name = "Pods-GimigoTheGecko-GimigoTheGeckoUITests.debug.xcconfig"; path = "Target Support Files/Pods-GimigoTheGecko-GimigoTheGeckoUITests/Pods-GimigoTheGecko-GimigoTheGeckoUITests.debug.xcconfig"; sourceTree = "<group>"; };
		48D608F42C0301B200670979 /* GimigoTheGecko.app */ = {isa = PBXFileReference; explicitFileType = wrapper.application; includeInIndex = 0; path = GimigoTheGecko.app; sourceTree = BUILT_PRODUCTS_DIR; };
		48D608F72C0301B200670979 /* GimigoTheGeckoApp.swift */ = {isa = PBXFileReference; lastKnownFileType = sourcecode.swift; path = GimigoTheGeckoApp.swift; sourceTree = "<group>"; };
		48D608F92C0301B200670979 /* ContentView.swift */ = {isa = PBXFileReference; lastKnownFileType = sourcecode.swift; path = ContentView.swift; sourceTree = "<group>"; };
		48D608FB2C0301B400670979 /* Assets.xcassets */ = {isa = PBXFileReference; lastKnownFileType = folder.assetcatalog; path = Assets.xcassets; sourceTree = "<group>"; };
		48D608FE2C0301B400670979 /* Preview Assets.xcassets */ = {isa = PBXFileReference; lastKnownFileType = folder.assetcatalog; path = "Preview Assets.xcassets"; sourceTree = "<group>"; };
		48D609042C0301B400670979 /* GimigoTheGeckoTests.xctest */ = {isa = PBXFileReference; explicitFileType = wrapper.cfbundle; includeInIndex = 0; path = GimigoTheGeckoTests.xctest; sourceTree = BUILT_PRODUCTS_DIR; };
		48D609082C0301B400670979 /* GimigoTheGeckoTests.swift */ = {isa = PBXFileReference; lastKnownFileType = sourcecode.swift; path = GimigoTheGeckoTests.swift; sourceTree = "<group>"; };
		48D6090E2C0301B400670979 /* GimigoTheGeckoUITests.xctest */ = {isa = PBXFileReference; explicitFileType = wrapper.cfbundle; includeInIndex = 0; path = GimigoTheGeckoUITests.xctest; sourceTree = BUILT_PRODUCTS_DIR; };
		48D609122C0301B400670979 /* GimigoTheGeckoUITests.swift */ = {isa = PBXFileReference; lastKnownFileType = sourcecode.swift; path = GimigoTheGeckoUITests.swift; sourceTree = "<group>"; };
		48D609142C0301B400670979 /* GimigoTheGeckoUITestsLaunchTests.swift */ = {isa = PBXFileReference; lastKnownFileType = sourcecode.swift; path = GimigoTheGeckoUITestsLaunchTests.swift; sourceTree = "<group>"; };
		4A05BA996E6E767D6EF346F5 /* Pods_GimigoTheGeckoTests.framework */ = {isa = PBXFileReference; explicitFileType = wrapper.framework; includeInIndex = 0; path = Pods_GimigoTheGeckoTests.framework; sourceTree = BUILT_PRODUCTS_DIR; };
		64CFF23EBF572FEDBCC4D98F /* Pods-GimigoTheGecko.release.xcconfig */ = {isa = PBXFileReference; includeInIndex = 1; lastKnownFileType = text.xcconfig; name = "Pods-GimigoTheGecko.release.xcconfig"; path = "Target Support Files/Pods-GimigoTheGecko/Pods-GimigoTheGecko.release.xcconfig"; sourceTree = "<group>"; };
		B436F785B138F5D235C445F3 /* Pods_GimigoTheGecko.framework */ = {isa = PBXFileReference; explicitFileType = wrapper.framework; includeInIndex = 0; path = Pods_GimigoTheGecko.framework; sourceTree = BUILT_PRODUCTS_DIR; };
		DB1C0C7654FB25805AC23114 /* Pods-GimigoTheGecko-GimigoTheGeckoUITests.release.xcconfig */ = {isa = PBXFileReference; includeInIndex = 1; lastKnownFileType = text.xcconfig; name = "Pods-GimigoTheGecko-GimigoTheGeckoUITests.release.xcconfig"; path = "Target Support Files/Pods-GimigoTheGecko-GimigoTheGeckoUITests/Pods-GimigoTheGecko-GimigoTheGeckoUITests.release.xcconfig"; sourceTree = "<group>"; };
		E067C500A932BD047C64C6EF /* Pods-GimigoTheGeckoTests.release.xcconfig */ = {isa = PBXFileReference; includeInIndex = 1; lastKnownFileType = text.xcconfig; name = "Pods-GimigoTheGeckoTests.release.xcconfig"; path = "Target Support Files/Pods-GimigoTheGeckoTests/Pods-GimigoTheGeckoTests.release.xcconfig"; sourceTree = "<group>"; };
		F407C1FD99D4B16164268BE4 /* Pods-GimigoTheGecko.debug.xcconfig */ = {isa = PBXFileReference; includeInIndex = 1; lastKnownFileType = text.xcconfig; name = "Pods-GimigoTheGecko.debug.xcconfig"; path = "Target Support Files/Pods-GimigoTheGecko/Pods-GimigoTheGecko.debug.xcconfig"; sourceTree = "<group>"; };
/* End PBXFileReference section */

/* Begin PBXFrameworksBuildPhase section */
		48D608F12C0301B200670979 /* Frameworks */ = {
			isa = PBXFrameworksBuildPhase;
			buildActionMask = 2147483647;
			files = (
				A14360B49E745042498D5572 /* Pods_GimigoTheGecko.framework in Frameworks */,
			);
			runOnlyForDeploymentPostprocessing = 0;
		};
		48D609012C0301B400670979 /* Frameworks */ = {
			isa = PBXFrameworksBuildPhase;
			buildActionMask = 2147483647;
			files = (
				497CF2C9474B009209D6A228 /* Pods_GimigoTheGeckoTests.framework in Frameworks */,
			);
			runOnlyForDeploymentPostprocessing = 0;
		};
		48D6090B2C0301B400670979 /* Frameworks */ = {
			isa = PBXFrameworksBuildPhase;
			buildActionMask = 2147483647;
			files = (
				E789C95BF9BA552075EAE87E /* Pods_GimigoTheGecko_GimigoTheGeckoUITests.framework in Frameworks */,
			);
			runOnlyForDeploymentPostprocessing = 0;
		};
/* End PBXFrameworksBuildPhase section */

/* Begin PBXGroup section */
		48D608EB2C0301B200670979 = {
			isa = PBXGroup;
			children = (
				48D608F62C0301B200670979 /* GimigoTheGecko */,
				48D609072C0301B400670979 /* GimigoTheGeckoTests */,
				48D609112C0301B400670979 /* GimigoTheGeckoUITests */,
				48D608F52C0301B200670979 /* Products */,
				5811F3941577EFFEE8426078 /* Pods */,
				B57B4653C4D3FF3FDC104B33 /* Frameworks */,
			);
			sourceTree = "<group>";
		};
		48D608F52C0301B200670979 /* Products */ = {
			isa = PBXGroup;
			children = (
				48D608F42C0301B200670979 /* GimigoTheGecko.app */,
				48D609042C0301B400670979 /* GimigoTheGeckoTests.xctest */,
				48D6090E2C0301B400670979 /* GimigoTheGeckoUITests.xctest */,
			);
			name = Products;
			sourceTree = "<group>";
		};
		48D608F62C0301B200670979 /* GimigoTheGecko */ = {
			isa = PBXGroup;
			children = (
				48D608F72C0301B200670979 /* GimigoTheGeckoApp.swift */,
				48D608F92C0301B200670979 /* ContentView.swift */,
				48D608FB2C0301B400670979 /* Assets.xcassets */,
				48D608FD2C0301B400670979 /* Preview Content */,
			);
			path = GimigoTheGecko;
			sourceTree = "<group>";
		};
		48D608FD2C0301B400670979 /* Preview Content */ = {
			isa = PBXGroup;
			children = (
				48D608FE2C0301B400670979 /* Preview Assets.xcassets */,
			);
			path = "Preview Content";
			sourceTree = "<group>";
		};
		48D609072C0301B400670979 /* GimigoTheGeckoTests */ = {
			isa = PBXGroup;
			children = (
				48D609082C0301B400670979 /* GimigoTheGeckoTests.swift */,
			);
			path = GimigoTheGeckoTests;
			sourceTree = "<group>";
		};
		48D609112C0301B400670979 /* GimigoTheGeckoUITests */ = {
			isa = PBXGroup;
			children = (
				48D609122C0301B400670979 /* GimigoTheGeckoUITests.swift */,
				48D609142C0301B400670979 /* GimigoTheGeckoUITestsLaunchTests.swift */,
			);
			path = GimigoTheGeckoUITests;
			sourceTree = "<group>";
		};
		5811F3941577EFFEE8426078 /* Pods */ = {
			isa = PBXGroup;
			children = (
				F407C1FD99D4B16164268BE4 /* Pods-GimigoTheGecko.debug.xcconfig */,
				64CFF23EBF572FEDBCC4D98F /* Pods-GimigoTheGecko.release.xcconfig */,
				3E4688357BD1C8159E8E3566 /* Pods-GimigoTheGecko-GimigoTheGeckoUITests.debug.xcconfig */,
				DB1C0C7654FB25805AC23114 /* Pods-GimigoTheGecko-GimigoTheGeckoUITests.release.xcconfig */,
				2C9A3C3A30606AD4C6D55031 /* Pods-GimigoTheGeckoTests.debug.xcconfig */,
				E067C500A932BD047C64C6EF /* Pods-GimigoTheGeckoTests.release.xcconfig */,
			);
			path = Pods;
			sourceTree = "<group>";
		};
		B57B4653C4D3FF3FDC104B33 /* Frameworks */ = {
			isa = PBXGroup;
			children = (
				B436F785B138F5D235C445F3 /* Pods_GimigoTheGecko.framework */,
				28C29E886407657CE6F34560 /* Pods_GimigoTheGecko_GimigoTheGeckoUITests.framework */,
				4A05BA996E6E767D6EF346F5 /* Pods_GimigoTheGeckoTests.framework */,
			);
			name = Frameworks;
			sourceTree = "<group>";
		};
/* End PBXGroup section */

/* Begin PBXNativeTarget section */
		48D608F32C0301B200670979 /* GimigoTheGecko */ = {
			isa = PBXNativeTarget;
			buildConfigurationList = 48D609182C0301B400670979 /* Build configuration list for PBXNativeTarget "GimigoTheGecko" */;
			buildPhases = (
				5EDC43526F4A95CA031F077A /* [CP] Check Pods Manifest.lock */,
				48D608F02C0301B200670979 /* Sources */,
				48D608F12C0301B200670979 /* Frameworks */,
				48D608F22C0301B200670979 /* Resources */,
				48D609212C03034C00670979 /* ShellScript */,
				847C49A71F036C528E38EA90 /* [CP] Embed Pods Frameworks */,
			);
			buildRules = (
			);
			dependencies = (
			);
			name = GimigoTheGecko;
			productName = GimigoTheGecko;
			productReference = 48D608F42C0301B200670979 /* GimigoTheGecko.app */;
			productType = "com.apple.product-type.application";
		};
		48D609032C0301B400670979 /* GimigoTheGeckoTests */ = {
			isa = PBXNativeTarget;
			buildConfigurationList = 48D6091B2C0301B400670979 /* Build configuration list for PBXNativeTarget "GimigoTheGeckoTests" */;
			buildPhases = (
				62BD42A010556881198877B8 /* [CP] Check Pods Manifest.lock */,
				48D609002C0301B400670979 /* Sources */,
				48D609012C0301B400670979 /* Frameworks */,
				48D609022C0301B400670979 /* Resources */,
			);
			buildRules = (
			);
			dependencies = (
				48D609062C0301B400670979 /* PBXTargetDependency */,
			);
			name = GimigoTheGeckoTests;
			productName = GimigoTheGeckoTests;
			productReference = 48D609042C0301B400670979 /* GimigoTheGeckoTests.xctest */;
			productType = "com.apple.product-type.bundle.unit-test";
		};
		48D6090D2C0301B400670979 /* GimigoTheGeckoUITests */ = {
			isa = PBXNativeTarget;
			buildConfigurationList = 48D6091E2C0301B400670979 /* Build configuration list for PBXNativeTarget "GimigoTheGeckoUITests" */;
			buildPhases = (
				38EF614803A9A3172585A5DF /* [CP] Check Pods Manifest.lock */,
				48D6090A2C0301B400670979 /* Sources */,
				48D6090B2C0301B400670979 /* Frameworks */,
				48D6090C2C0301B400670979 /* Resources */,
				C54730700BE34D6823262D0F /* [CP] Embed Pods Frameworks */,
			);
			buildRules = (
			);
			dependencies = (
				48D609102C0301B400670979 /* PBXTargetDependency */,
			);
			name = GimigoTheGeckoUITests;
			productName = GimigoTheGeckoUITests;
			productReference = 48D6090E2C0301B400670979 /* GimigoTheGeckoUITests.xctest */;
			productType = "com.apple.product-type.bundle.ui-testing";
		};
/* End PBXNativeTarget section */

/* Begin PBXProject section */
		48D608EC2C0301B200670979 /* Project object */ = {
			isa = PBXProject;
			attributes = {
				BuildIndependentTargetsInParallel = 1;
				LastSwiftUpdateCheck = 1540;
				LastUpgradeCheck = 1540;
				TargetAttributes = {
					48D608F32C0301B200670979 = {
						CreatedOnToolsVersion = 15.4;
					};
					48D609032C0301B400670979 = {
						CreatedOnToolsVersion = 15.4;
						TestTargetID = 48D608F32C0301B200670979;
					};
					48D6090D2C0301B400670979 = {
						CreatedOnToolsVersion = 15.4;
						TestTargetID = 48D608F32C0301B200670979;
					};
				};
			};
			buildConfigurationList = 48D608EF2C0301B200670979 /* Build configuration list for PBXProject "GimigoTheGecko" */;
			compatibilityVersion = "Xcode 14.0";
			developmentRegion = en;
			hasScannedForEncodings = 0;
			knownRegions = (
				en,
				Base,
			);
			mainGroup = 48D608EB2C0301B200670979;
			productRefGroup = 48D608F52C0301B200670979 /* Products */;
			projectDirPath = "";
			projectRoot = "";
			targets = (
				48D608F32C0301B200670979 /* GimigoTheGecko */,
				48D609032C0301B400670979 /* GimigoTheGeckoTests */,
				48D6090D2C0301B400670979 /* GimigoTheGeckoUITests */,
			);
		};
/* End PBXProject section */

/* Begin PBXResourcesBuildPhase section */
		48D608F22C0301B200670979 /* Resources */ = {
			isa = PBXResourcesBuildPhase;
			buildActionMask = 2147483647;
			files = (
				48D608FF2C0301B400670979 /* Preview Assets.xcassets in Resources */,
				48D608FC2C0301B400670979 /* Assets.xcassets in Resources */,
			);
			runOnlyForDeploymentPostprocessing = 0;
		};
		48D609022C0301B400670979 /* Resources */ = {
			isa = PBXResourcesBuildPhase;
			buildActionMask = 2147483647;
			files = (
			);
			runOnlyForDeploymentPostprocessing = 0;
		};
		48D6090C2C0301B400670979 /* Resources */ = {
			isa = PBXResourcesBuildPhase;
			buildActionMask = 2147483647;
			files = (
			);
			runOnlyForDeploymentPostprocessing = 0;
		};
/* End PBXResourcesBuildPhase section */

/* Begin PBXShellScriptBuildPhase section */
		38EF614803A9A3172585A5DF /* [CP] Check Pods Manifest.lock */ = {
			isa = PBXShellScriptBuildPhase;
			buildActionMask = 2147483647;
			files = (
			);
			inputFileListPaths = (
			);
			inputPaths = (
				"${PODS_PODFILE_DIR_PATH}/Podfile.lock",
				"${PODS_ROOT}/Manifest.lock",
			);
			name = "[CP] Check Pods Manifest.lock";
			outputFileListPaths = (
			);
			outputPaths = (
				"$(DERIVED_FILE_DIR)/Pods-GimigoTheGecko-GimigoTheGeckoUITests-checkManifestLockResult.txt",
			);
			runOnlyForDeploymentPostprocessing = 0;
			shellPath = /bin/sh;
			shellScript = "diff \"${PODS_PODFILE_DIR_PATH}/Podfile.lock\" \"${PODS_ROOT}/Manifest.lock\" > /dev/null\nif [ $? != 0 ] ; then\n    # print error to STDERR\n    echo \"error: The sandbox is not in sync with the Podfile.lock. Run 'pod install' or update your CocoaPods installation.\" >&2\n    exit 1\nfi\n# This output is used by Xcode 'outputs' to avoid re-running this script phase.\necho \"SUCCESS\" > \"${SCRIPT_OUTPUT_FILE_0}\"\n";
			showEnvVarsInLog = 0;
		};
		48D609212C03034C00670979 /* ShellScript */ = {
			isa = PBXShellScriptBuildPhase;
			buildActionMask = 2147483647;
			files = (
			);
			inputFileListPaths = (
			);
			inputPaths = (
			);
			outputFileListPaths = (
			);
			outputPaths = (
				"$(DERIVED_FILE_DIR)/swiftlint.log",
			);
			runOnlyForDeploymentPostprocessing = 0;
			shellPath = /bin/sh;
			shellScript = "if which swiftlint > /dev/null; then\n  swiftlint | tee ${SCRIPT_OUTPUT_FILE_0}\nelse\n  echo \"warning: SwiftLint not installed, download from https://github.com/realm/SwiftLint\"\nfi\n";
		};
		5EDC43526F4A95CA031F077A /* [CP] Check Pods Manifest.lock */ = {
			isa = PBXShellScriptBuildPhase;
			buildActionMask = 2147483647;
			files = (
			);
			inputFileListPaths = (
			);
			inputPaths = (
				"${PODS_PODFILE_DIR_PATH}/Podfile.lock",
				"${PODS_ROOT}/Manifest.lock",
			);
			name = "[CP] Check Pods Manifest.lock";
			outputFileListPaths = (
			);
			outputPaths = (
				"$(DERIVED_FILE_DIR)/Pods-GimigoTheGecko-checkManifestLockResult.txt",
			);
			runOnlyForDeploymentPostprocessing = 0;
			shellPath = /bin/sh;
			shellScript = "diff \"${PODS_PODFILE_DIR_PATH}/Podfile.lock\" \"${PODS_ROOT}/Manifest.lock\" > /dev/null\nif [ $? != 0 ] ; then\n    # print error to STDERR\n    echo \"error: The sandbox is not in sync with the Podfile.lock. Run 'pod install' or update your CocoaPods installation.\" >&2\n    exit 1\nfi\n# This output is used by Xcode 'outputs' to avoid re-running this script phase.\necho \"SUCCESS\" > \"${SCRIPT_OUTPUT_FILE_0}\"\n";
			showEnvVarsInLog = 0;
		};
		62BD42A010556881198877B8 /* [CP] Check Pods Manifest.lock */ = {
			isa = PBXShellScriptBuildPhase;
			buildActionMask = 2147483647;
			files = (
			);
			inputFileListPaths = (
			);
			inputPaths = (
				"${PODS_PODFILE_DIR_PATH}/Podfile.lock",
				"${PODS_ROOT}/Manifest.lock",
			);
			name = "[CP] Check Pods Manifest.lock";
			outputFileListPaths = (
			);
			outputPaths = (
				"$(DERIVED_FILE_DIR)/Pods-GimigoTheGeckoTests-checkManifestLockResult.txt",
			);
			runOnlyForDeploymentPostprocessing = 0;
			shellPath = /bin/sh;
			shellScript = "diff \"${PODS_PODFILE_DIR_PATH}/Podfile.lock\" \"${PODS_ROOT}/Manifest.lock\" > /dev/null\nif [ $? != 0 ] ; then\n    # print error to STDERR\n    echo \"error: The sandbox is not in sync with the Podfile.lock. Run 'pod install' or update your CocoaPods installation.\" >&2\n    exit 1\nfi\n# This output is used by Xcode 'outputs' to avoid re-running this script phase.\necho \"SUCCESS\" > \"${SCRIPT_OUTPUT_FILE_0}\"\n";
			showEnvVarsInLog = 0;
		};
		847C49A71F036C528E38EA90 /* [CP] Embed Pods Frameworks */ = {
			isa = PBXShellScriptBuildPhase;
			buildActionMask = 2147483647;
			files = (
			);
			inputFileListPaths = (
				"${PODS_ROOT}/Target Support Files/Pods-GimigoTheGecko/Pods-GimigoTheGecko-frameworks-${CONFIGURATION}-input-files.xcfilelist",
			);
			name = "[CP] Embed Pods Frameworks";
			outputFileListPaths = (
				"${PODS_ROOT}/Target Support Files/Pods-GimigoTheGecko/Pods-GimigoTheGecko-frameworks-${CONFIGURATION}-output-files.xcfilelist",
			);
			runOnlyForDeploymentPostprocessing = 0;
			shellPath = /bin/sh;
			shellScript = "\"${PODS_ROOT}/Target Support Files/Pods-GimigoTheGecko/Pods-GimigoTheGecko-frameworks.sh\"\n";
			showEnvVarsInLog = 0;
		};
		C54730700BE34D6823262D0F /* [CP] Embed Pods Frameworks */ = {
			isa = PBXShellScriptBuildPhase;
			buildActionMask = 2147483647;
			files = (
			);
			inputFileListPaths = (
				"${PODS_ROOT}/Target Support Files/Pods-GimigoTheGecko-GimigoTheGeckoUITests/Pods-GimigoTheGecko-GimigoTheGeckoUITests-frameworks-${CONFIGURATION}-input-files.xcfilelist",
			);
			name = "[CP] Embed Pods Frameworks";
			outputFileListPaths = (
				"${PODS_ROOT}/Target Support Files/Pods-GimigoTheGecko-GimigoTheGeckoUITests/Pods-GimigoTheGecko-GimigoTheGeckoUITests-frameworks-${CONFIGURATION}-output-files.xcfilelist",
			);
			runOnlyForDeploymentPostprocessing = 0;
			shellPath = /bin/sh;
			shellScript = "\"${PODS_ROOT}/Target Support Files/Pods-GimigoTheGecko-GimigoTheGeckoUITests/Pods-GimigoTheGecko-GimigoTheGeckoUITests-frameworks.sh\"\n";
			showEnvVarsInLog = 0;
		};
/* End PBXShellScriptBuildPhase section */

/* Begin PBXSourcesBuildPhase section */
		48D608F02C0301B200670979 /* Sources */ = {
			isa = PBXSourcesBuildPhase;
			buildActionMask = 2147483647;
			files = (
				48D608FA2C0301B200670979 /* ContentView.swift in Sources */,
				48D608F82C0301B200670979 /* GimigoTheGeckoApp.swift in Sources */,
			);
			runOnlyForDeploymentPostprocessing = 0;
		};
		48D609002C0301B400670979 /* Sources */ = {
			isa = PBXSourcesBuildPhase;
			buildActionMask = 2147483647;
			files = (
				48D609092C0301B400670979 /* GimigoTheGeckoTests.swift in Sources */,
			);
			runOnlyForDeploymentPostprocessing = 0;
		};
		48D6090A2C0301B400670979 /* Sources */ = {
			isa = PBXSourcesBuildPhase;
			buildActionMask = 2147483647;
			files = (
				48D609152C0301B400670979 /* GimigoTheGeckoUITestsLaunchTests.swift in Sources */,
				48D609132C0301B400670979 /* GimigoTheGeckoUITests.swift in Sources */,
			);
			runOnlyForDeploymentPostprocessing = 0;
		};
/* End PBXSourcesBuildPhase section */

/* Begin PBXTargetDependency section */
		48D609062C0301B400670979 /* PBXTargetDependency */ = {
			isa = PBXTargetDependency;
			target = 48D608F32C0301B200670979 /* GimigoTheGecko */;
			targetProxy = 48D609052C0301B400670979 /* PBXContainerItemProxy */;
		};
		48D609102C0301B400670979 /* PBXTargetDependency */ = {
			isa = PBXTargetDependency;
			target = 48D608F32C0301B200670979 /* GimigoTheGecko */;
			targetProxy = 48D6090F2C0301B400670979 /* PBXContainerItemProxy */;
		};
/* End PBXTargetDependency section */

/* Begin XCBuildConfiguration section */
		48D609162C0301B400670979 /* Debug */ = {
			isa = XCBuildConfiguration;
			buildSettings = {
				ALWAYS_SEARCH_USER_PATHS = NO;
				ASSETCATALOG_COMPILER_GENERATE_SWIFT_ASSET_SYMBOL_EXTENSIONS = YES;
				CLANG_ANALYZER_NONNULL = YES;
				CLANG_ANALYZER_NUMBER_OBJECT_CONVERSION = YES_AGGRESSIVE;
				CLANG_CXX_LANGUAGE_STANDARD = "gnu++20";
				CLANG_ENABLE_MODULES = YES;
				CLANG_ENABLE_OBJC_ARC = YES;
				CLANG_ENABLE_OBJC_WEAK = YES;
				CLANG_WARN_BLOCK_CAPTURE_AUTORELEASING = YES;
				CLANG_WARN_BOOL_CONVERSION = YES;
				CLANG_WARN_COMMA = YES;
				CLANG_WARN_CONSTANT_CONVERSION = YES;
				CLANG_WARN_DEPRECATED_OBJC_IMPLEMENTATIONS = YES;
				CLANG_WARN_DIRECT_OBJC_ISA_USAGE = YES_ERROR;
				CLANG_WARN_DOCUMENTATION_COMMENTS = YES;
				CLANG_WARN_EMPTY_BODY = YES;
				CLANG_WARN_ENUM_CONVERSION = YES;
				CLANG_WARN_INFINITE_RECURSION = YES;
				CLANG_WARN_INT_CONVERSION = YES;
				CLANG_WARN_NON_LITERAL_NULL_CONVERSION = YES;
				CLANG_WARN_OBJC_IMPLICIT_RETAIN_SELF = YES;
				CLANG_WARN_OBJC_LITERAL_CONVERSION = YES;
				CLANG_WARN_OBJC_ROOT_CLASS = YES_ERROR;
				CLANG_WARN_QUOTED_INCLUDE_IN_FRAMEWORK_HEADER = YES;
				CLANG_WARN_RANGE_LOOP_ANALYSIS = YES;
				CLANG_WARN_STRICT_PROTOTYPES = YES;
				CLANG_WARN_SUSPICIOUS_MOVE = YES;
				CLANG_WARN_UNGUARDED_AVAILABILITY = YES_AGGRESSIVE;
				CLANG_WARN_UNREACHABLE_CODE = YES;
				CLANG_WARN__DUPLICATE_METHOD_MATCH = YES;
				COPY_PHASE_STRIP = NO;
				DEBUG_INFORMATION_FORMAT = dwarf;
				ENABLE_STRICT_OBJC_MSGSEND = YES;
				ENABLE_TESTABILITY = YES;
				ENABLE_USER_SCRIPT_SANDBOXING = YES;
				GCC_C_LANGUAGE_STANDARD = gnu17;
				GCC_DYNAMIC_NO_PIC = NO;
				GCC_NO_COMMON_BLOCKS = YES;
				GCC_OPTIMIZATION_LEVEL = 0;
				GCC_PREPROCESSOR_DEFINITIONS = (
					"DEBUG=1",
					"$(inherited)",
				);
				GCC_WARN_64_TO_32_BIT_CONVERSION = YES;
				GCC_WARN_ABOUT_RETURN_TYPE = YES_ERROR;
				GCC_WARN_UNDECLARED_SELECTOR = YES;
				GCC_WARN_UNINITIALIZED_AUTOS = YES_AGGRESSIVE;
				GCC_WARN_UNUSED_FUNCTION = YES;
				GCC_WARN_UNUSED_VARIABLE = YES;
				IPHONEOS_DEPLOYMENT_TARGET = 17.5;
				LOCALIZATION_PREFERS_STRING_CATALOGS = YES;
				MTL_ENABLE_DEBUG_INFO = INCLUDE_SOURCE;
				MTL_FAST_MATH = YES;
				ONLY_ACTIVE_ARCH = YES;
				SDKROOT = iphoneos;
				SWIFT_ACTIVE_COMPILATION_CONDITIONS = "DEBUG $(inherited)";
				SWIFT_OPTIMIZATION_LEVEL = "-Onone";
			};
			name = Debug;
		};
		48D609172C0301B400670979 /* Release */ = {
			isa = XCBuildConfiguration;
			buildSettings = {
				ALWAYS_SEARCH_USER_PATHS = NO;
				ASSETCATALOG_COMPILER_GENERATE_SWIFT_ASSET_SYMBOL_EXTENSIONS = YES;
				CLANG_ANALYZER_NONNULL = YES;
				CLANG_ANALYZER_NUMBER_OBJECT_CONVERSION = YES_AGGRESSIVE;
				CLANG_CXX_LANGUAGE_STANDARD = "gnu++20";
				CLANG_ENABLE_MODULES = YES;
				CLANG_ENABLE_OBJC_ARC = YES;
				CLANG_ENABLE_OBJC_WEAK = YES;
				CLANG_WARN_BLOCK_CAPTURE_AUTORELEASING = YES;
				CLANG_WARN_BOOL_CONVERSION = YES;
				CLANG_WARN_COMMA = YES;
				CLANG_WARN_CONSTANT_CONVERSION = YES;
				CLANG_WARN_DEPRECATED_OBJC_IMPLEMENTATIONS = YES;
				CLANG_WARN_DIRECT_OBJC_ISA_USAGE = YES_ERROR;
				CLANG_WARN_DOCUMENTATION_COMMENTS = YES;
				CLANG_WARN_EMPTY_BODY = YES;
				CLANG_WARN_ENUM_CONVERSION = YES;
				CLANG_WARN_INFINITE_RECURSION = YES;
				CLANG_WARN_INT_CONVERSION = YES;
				CLANG_WARN_NON_LITERAL_NULL_CONVERSION = YES;
				CLANG_WARN_OBJC_IMPLICIT_RETAIN_SELF = YES;
				CLANG_WARN_OBJC_LITERAL_CONVERSION = YES;
				CLANG_WARN_OBJC_ROOT_CLASS = YES_ERROR;
				CLANG_WARN_QUOTED_INCLUDE_IN_FRAMEWORK_HEADER = YES;
				CLANG_WARN_RANGE_LOOP_ANALYSIS = YES;
				CLANG_WARN_STRICT_PROTOTYPES = YES;
				CLANG_WARN_SUSPICIOUS_MOVE = YES;
				CLANG_WARN_UNGUARDED_AVAILABILITY = YES_AGGRESSIVE;
				CLANG_WARN_UNREACHABLE_CODE = YES;
				CLANG_WARN__DUPLICATE_METHOD_MATCH = YES;
				COPY_PHASE_STRIP = NO;
				DEBUG_INFORMATION_FORMAT = "dwarf-with-dsym";
				ENABLE_NS_ASSERTIONS = NO;
				ENABLE_STRICT_OBJC_MSGSEND = YES;
				ENABLE_USER_SCRIPT_SANDBOXING = YES;
				GCC_C_LANGUAGE_STANDARD = gnu17;
				GCC_NO_COMMON_BLOCKS = YES;
				GCC_WARN_64_TO_32_BIT_CONVERSION = YES;
				GCC_WARN_ABOUT_RETURN_TYPE = YES_ERROR;
				GCC_WARN_UNDECLARED_SELECTOR = YES;
				GCC_WARN_UNINITIALIZED_AUTOS = YES_AGGRESSIVE;
				GCC_WARN_UNUSED_FUNCTION = YES;
				GCC_WARN_UNUSED_VARIABLE = YES;
				IPHONEOS_DEPLOYMENT_TARGET = 17.5;
				LOCALIZATION_PREFERS_STRING_CATALOGS = YES;
				MTL_ENABLE_DEBUG_INFO = NO;
				MTL_FAST_MATH = YES;
				SDKROOT = iphoneos;
				SWIFT_COMPILATION_MODE = wholemodule;
				VALIDATE_PRODUCT = YES;
			};
			name = Release;
		};
		48D609192C0301B400670979 /* Debug */ = {
			isa = XCBuildConfiguration;
			baseConfigurationReference = F407C1FD99D4B16164268BE4 /* Pods-GimigoTheGecko.debug.xcconfig */;
			buildSettings = {
				ASSETCATALOG_COMPILER_APPICON_NAME = AppIcon;
				ASSETCATALOG_COMPILER_GLOBAL_ACCENT_COLOR_NAME = AccentColor;
				CODE_SIGN_STYLE = Automatic;
				CURRENT_PROJECT_VERSION = 1;
				DEVELOPMENT_ASSET_PATHS = "\"GimigoTheGecko/Preview Content\"";
				DEVELOPMENT_TEAM = 48KLH57FRK;
				ENABLE_PREVIEWS = YES;
				GENERATE_INFOPLIST_FILE = YES;
				INFOPLIST_KEY_UIApplicationSceneManifest_Generation = YES;
				INFOPLIST_KEY_UIApplicationSupportsIndirectInputEvents = YES;
				INFOPLIST_KEY_UILaunchScreen_Generation = YES;
				INFOPLIST_KEY_UISupportedInterfaceOrientations_iPad = "UIInterfaceOrientationPortrait UIInterfaceOrientationPortraitUpsideDown UIInterfaceOrientationLandscapeLeft UIInterfaceOrientationLandscapeRight";
				INFOPLIST_KEY_UISupportedInterfaceOrientations_iPhone = "UIInterfaceOrientationPortrait UIInterfaceOrientationLandscapeLeft UIInterfaceOrientationLandscapeRight";
				LD_RUNPATH_SEARCH_PATHS = (
					"$(inherited)",
					"@executable_path/Frameworks",
				);
				MARKETING_VERSION = 1.0;
				PRODUCT_BUNDLE_IDENTIFIER = com.veiledstudio.GimigoTheGecko;
				PRODUCT_NAME = "$(TARGET_NAME)";
				SWIFT_EMIT_LOC_STRINGS = YES;
				SWIFT_VERSION = 5.0;
				TARGETED_DEVICE_FAMILY = "1,2";
			};
			name = Debug;
		};
		48D6091A2C0301B400670979 /* Release */ = {
			isa = XCBuildConfiguration;
			baseConfigurationReference = 64CFF23EBF572FEDBCC4D98F /* Pods-GimigoTheGecko.release.xcconfig */;
			buildSettings = {
				ASSETCATALOG_COMPILER_APPICON_NAME = AppIcon;
				ASSETCATALOG_COMPILER_GLOBAL_ACCENT_COLOR_NAME = AccentColor;
				CODE_SIGN_STYLE = Automatic;
				CURRENT_PROJECT_VERSION = 1;
				DEVELOPMENT_ASSET_PATHS = "\"GimigoTheGecko/Preview Content\"";
				DEVELOPMENT_TEAM = 48KLH57FRK;
				ENABLE_PREVIEWS = YES;
				GENERATE_INFOPLIST_FILE = YES;
				INFOPLIST_KEY_UIApplicationSceneManifest_Generation = YES;
				INFOPLIST_KEY_UIApplicationSupportsIndirectInputEvents = YES;
				INFOPLIST_KEY_UILaunchScreen_Generation = YES;
				INFOPLIST_KEY_UISupportedInterfaceOrientations_iPad = "UIInterfaceOrientationPortrait UIInterfaceOrientationPortraitUpsideDown UIInterfaceOrientationLandscapeLeft UIInterfaceOrientationLandscapeRight";
				INFOPLIST_KEY_UISupportedInterfaceOrientations_iPhone = "UIInterfaceOrientationPortrait UIInterfaceOrientationLandscapeLeft UIInterfaceOrientationLandscapeRight";
				LD_RUNPATH_SEARCH_PATHS = (
					"$(inherited)",
					"@executable_path/Frameworks",
				);
				MARKETING_VERSION = 1.0;
				PRODUCT_BUNDLE_IDENTIFIER = com.veiledstudio.GimigoTheGecko;
				PRODUCT_NAME = "$(TARGET_NAME)";
				SWIFT_EMIT_LOC_STRINGS = YES;
				SWIFT_VERSION = 5.0;
				TARGETED_DEVICE_FAMILY = "1,2";
			};
			name = Release;
		};
		48D6091C2C0301B400670979 /* Debug */ = {
			isa = XCBuildConfiguration;
			baseConfigurationReference = 2C9A3C3A30606AD4C6D55031 /* Pods-GimigoTheGeckoTests.debug.xcconfig */;
			buildSettings = {
				ALWAYS_EMBED_SWIFT_STANDARD_LIBRARIES = "$(inherited)";
				BUNDLE_LOADER = "$(TEST_HOST)";
				CODE_SIGN_STYLE = Automatic;
				CURRENT_PROJECT_VERSION = 1;
				DEVELOPMENT_TEAM = 48KLH57FRK;
				GENERATE_INFOPLIST_FILE = YES;
				IPHONEOS_DEPLOYMENT_TARGET = 17.5;
				MARKETING_VERSION = 1.0;
				PRODUCT_BUNDLE_IDENTIFIER = com.veiledstudio.GimigoTheGeckoTests;
				PRODUCT_NAME = "$(TARGET_NAME)";
				SWIFT_EMIT_LOC_STRINGS = NO;
				SWIFT_VERSION = 5.0;
				TARGETED_DEVICE_FAMILY = "1,2";
				TEST_HOST = "$(BUILT_PRODUCTS_DIR)/GimigoTheGecko.app/$(BUNDLE_EXECUTABLE_FOLDER_PATH)/GimigoTheGecko";
			};
			name = Debug;
		};
		48D6091D2C0301B400670979 /* Release */ = {
			isa = XCBuildConfiguration;
			baseConfigurationReference = E067C500A932BD047C64C6EF /* Pods-GimigoTheGeckoTests.release.xcconfig */;
			buildSettings = {
				ALWAYS_EMBED_SWIFT_STANDARD_LIBRARIES = "$(inherited)";
				BUNDLE_LOADER = "$(TEST_HOST)";
				CODE_SIGN_STYLE = Automatic;
				CURRENT_PROJECT_VERSION = 1;
				DEVELOPMENT_TEAM = 48KLH57FRK;
				GENERATE_INFOPLIST_FILE = YES;
				IPHONEOS_DEPLOYMENT_TARGET = 17.5;
				MARKETING_VERSION = 1.0;
				PRODUCT_BUNDLE_IDENTIFIER = com.veiledstudio.GimigoTheGeckoTests;
				PRODUCT_NAME = "$(TARGET_NAME)";
				SWIFT_EMIT_LOC_STRINGS = NO;
				SWIFT_VERSION = 5.0;
				TARGETED_DEVICE_FAMILY = "1,2";
				TEST_HOST = "$(BUILT_PRODUCTS_DIR)/GimigoTheGecko.app/$(BUNDLE_EXECUTABLE_FOLDER_PATH)/GimigoTheGecko";
			};
			name = Release;
		};
		48D6091F2C0301B400670979 /* Debug */ = {
			isa = XCBuildConfiguration;
			baseConfigurationReference = 3E4688357BD1C8159E8E3566 /* Pods-GimigoTheGecko-GimigoTheGeckoUITests.debug.xcconfig */;
			buildSettings = {
				ALWAYS_EMBED_SWIFT_STANDARD_LIBRARIES = "$(inherited)";
				CODE_SIGN_STYLE = Automatic;
				CURRENT_PROJECT_VERSION = 1;
				DEVELOPMENT_TEAM = 48KLH57FRK;
				GENERATE_INFOPLIST_FILE = YES;
				MARKETING_VERSION = 1.0;
				PRODUCT_BUNDLE_IDENTIFIER = com.veiledstudio.GimigoTheGeckoUITests;
				PRODUCT_NAME = "$(TARGET_NAME)";
				SWIFT_EMIT_LOC_STRINGS = NO;
				SWIFT_VERSION = 5.0;
				TARGETED_DEVICE_FAMILY = "1,2";
				TEST_TARGET_NAME = GimigoTheGecko;
			};
			name = Debug;
		};
		48D609202C0301B400670979 /* Release */ = {
			isa = XCBuildConfiguration;
			baseConfigurationReference = DB1C0C7654FB25805AC23114 /* Pods-GimigoTheGecko-GimigoTheGeckoUITests.release.xcconfig */;
			buildSettings = {
				ALWAYS_EMBED_SWIFT_STANDARD_LIBRARIES = "$(inherited)";
				CODE_SIGN_STYLE = Automatic;
				CURRENT_PROJECT_VERSION = 1;
				DEVELOPMENT_TEAM = 48KLH57FRK;
				GENERATE_INFOPLIST_FILE = YES;
				MARKETING_VERSION = 1.0;
				PRODUCT_BUNDLE_IDENTIFIER = com.veiledstudio.GimigoTheGeckoUITests;
				PRODUCT_NAME = "$(TARGET_NAME)";
				SWIFT_EMIT_LOC_STRINGS = NO;
				SWIFT_VERSION = 5.0;
				TARGETED_DEVICE_FAMILY = "1,2";
				TEST_TARGET_NAME = GimigoTheGecko;
			};
			name = Release;
		};
/* End XCBuildConfiguration section */

/* Begin XCConfigurationList section */
		48D608EF2C0301B200670979 /* Build configuration list for PBXProject "GimigoTheGecko" */ = {
			isa = XCConfigurationList;
			buildConfigurations = (
				48D609162C0301B400670979 /* Debug */,
				48D609172C0301B400670979 /* Release */,
			);
			defaultConfigurationIsVisible = 0;
			defaultConfigurationName = Release;
		};
		48D609182C0301B400670979 /* Build configuration list for PBXNativeTarget "GimigoTheGecko" */ = {
			isa = XCConfigurationList;
			buildConfigurations = (
				48D609192C0301B400670979 /* Debug */,
				48D6091A2C0301B400670979 /* Release */,
			);
			defaultConfigurationIsVisible = 0;
			defaultConfigurationName = Release;
		};
		48D6091B2C0301B400670979 /* Build configuration list for PBXNativeTarget "GimigoTheGeckoTests" */ = {
			isa = XCConfigurationList;
			buildConfigurations = (
				48D6091C2C0301B400670979 /* Debug */,
				48D6091D2C0301B400670979 /* Release */,
			);
			defaultConfigurationIsVisible = 0;
			defaultConfigurationName = Release;
		};
		48D6091E2C0301B400670979 /* Build configuration list for PBXNativeTarget "GimigoTheGeckoUITests" */ = {
			isa = XCConfigurationList;
			buildConfigurations = (
				48D6091F2C0301B400670979 /* Debug */,
				48D609202C0301B400670979 /* Release */,
			);
			defaultConfigurationIsVisible = 0;
			defaultConfigurationName = Release;
		};
/* End XCConfigurationList section */
	};
	rootObject = 48D608EC2C0301B200670979 /* Project object */;
}
